// !$*UTF8*$!
{
	archiveVersion = 1;
	classes = {
	};
	objectVersion = 55;
	objects = {

/* Begin PBXBuildFile section */
		762CCC3B27C740B9009058ED /* AppDelegate.swift in Sources */ = {isa = PBXBuildFile; fileRef = 762CCC3A27C740B9009058ED /* AppDelegate.swift */; };
		762CCC3D27C740B9009058ED /* SceneDelegate.swift in Sources */ = {isa = PBXBuildFile; fileRef = 762CCC3C27C740B9009058ED /* SceneDelegate.swift */; };
		762CCC3F27C740B9009058ED /* MoviesViewController.swift in Sources */ = {isa = PBXBuildFile; fileRef = 762CCC3E27C740B9009058ED /* MoviesViewController.swift */; };
		762CCC4227C740B9009058ED /* Main.storyboard in Resources */ = {isa = PBXBuildFile; fileRef = 762CCC4027C740B9009058ED /* Main.storyboard */; };
		762CCC4427C740BA009058ED /* Assets.xcassets in Resources */ = {isa = PBXBuildFile; fileRef = 762CCC4327C740BA009058ED /* Assets.xcassets */; };
		762CCC4727C740BA009058ED /* LaunchScreen.storyboard in Resources */ = {isa = PBXBuildFile; fileRef = 762CCC4527C740BA009058ED /* LaunchScreen.storyboard */; };
		762CCC5227C740BB009058ED /* FlixTests.swift in Sources */ = {isa = PBXBuildFile; fileRef = 762CCC5127C740BB009058ED /* FlixTests.swift */; };
		762CCC5C27C740BB009058ED /* FlixUITests.swift in Sources */ = {isa = PBXBuildFile; fileRef = 762CCC5B27C740BB009058ED /* FlixUITests.swift */; };
		762CCC5E27C740BB009058ED /* FlixUITestsLaunchTests.swift in Sources */ = {isa = PBXBuildFile; fileRef = 762CCC5D27C740BB009058ED /* FlixUITestsLaunchTests.swift */; };
		762CCC6C27C7503C009058ED /* MovieCell.swift in Sources */ = {isa = PBXBuildFile; fileRef = 762CCC6B27C7503C009058ED /* MovieCell.swift */; };
		762CCC6F27C75691009058ED /* AlamofireImage in Frameworks */ = {isa = PBXBuildFile; productRef = 762CCC6E27C75691009058ED /* AlamofireImage */; };
		762CCC7127D30B2C009058ED /* MovieDetailsViewController.swift in Sources */ = {isa = PBXBuildFile; fileRef = 762CCC7027D30B2C009058ED /* MovieDetailsViewController.swift */; };
		762CCC7327D31C66009058ED /* MovieGridViewController.swift in Sources */ = {isa = PBXBuildFile; fileRef = 762CCC7227D31C66009058ED /* MovieGridViewController.swift */; };
		762CCC7527D31FAF009058ED /* MovieGridCell.swift in Sources */ = {isa = PBXBuildFile; fileRef = 762CCC7427D31FAF009058ED /* MovieGridCell.swift */; };
		762CCC7727D32A15009058ED /* superheroDetailsViewController.swift in Sources */ = {isa = PBXBuildFile; fileRef = 762CCC7627D32A15009058ED /* superheroDetailsViewController.swift */; };
		85A6B7F817AD99E10153272D /* Pods_Flix.framework in Frameworks */ = {isa = PBXBuildFile; fileRef = D24CB2330AC98361C7D63B3F /* Pods_Flix.framework */; };
		A7918DEA8D5D6403832CB838 /* Pods_FlixTests.framework in Frameworks */ = {isa = PBXBuildFile; fileRef = 6F73C1EB25D206C92E801094 /* Pods_FlixTests.framework */; };
		F7FC560C044C549B4D313BF5 /* Pods_Flix_FlixUITests.framework in Frameworks */ = {isa = PBXBuildFile; fileRef = 445B696F3ECA9198C9F197C1 /* Pods_Flix_FlixUITests.framework */; };
/* End PBXBuildFile section */

/* Begin PBXContainerItemProxy section */
		762CCC4E27C740BB009058ED /* PBXContainerItemProxy */ = {
			isa = PBXContainerItemProxy;
			containerPortal = 762CCC2F27C740B9009058ED /* Project object */;
			proxyType = 1;
			remoteGlobalIDString = 762CCC3627C740B9009058ED;
			remoteInfo = Flix;
		};
		762CCC5827C740BB009058ED /* PBXContainerItemProxy */ = {
			isa = PBXContainerItemProxy;
			containerPortal = 762CCC2F27C740B9009058ED /* Project object */;
			proxyType = 1;
			remoteGlobalIDString = 762CCC3627C740B9009058ED;
			remoteInfo = Flix;
		};
/* End PBXContainerItemProxy section */

/* Begin PBXFileReference section */
		09C27B69D195222183FFF13B /* Pods-Flix-FlixUITests.release.xcconfig */ = {isa = PBXFileReference; includeInIndex = 1; lastKnownFileType = text.xcconfig; name = "Pods-Flix-FlixUITests.release.xcconfig"; path = "Target Support Files/Pods-Flix-FlixUITests/Pods-Flix-FlixUITests.release.xcconfig"; sourceTree = "<group>"; };
		39453551F5FFB50DD7B56A3B /* Pods-Flix.debug.xcconfig */ = {isa = PBXFileReference; includeInIndex = 1; lastKnownFileType = text.xcconfig; name = "Pods-Flix.debug.xcconfig"; path = "Target Support Files/Pods-Flix/Pods-Flix.debug.xcconfig"; sourceTree = "<group>"; };
		445B696F3ECA9198C9F197C1 /* Pods_Flix_FlixUITests.framework */ = {isa = PBXFileReference; explicitFileType = wrapper.framework; includeInIndex = 0; path = Pods_Flix_FlixUITests.framework; sourceTree = BUILT_PRODUCTS_DIR; };
		6F73C1EB25D206C92E801094 /* Pods_FlixTests.framework */ = {isa = PBXFileReference; explicitFileType = wrapper.framework; includeInIndex = 0; path = Pods_FlixTests.framework; sourceTree = BUILT_PRODUCTS_DIR; };
		762CCC3727C740B9009058ED /* Flix.app */ = {isa = PBXFileReference; explicitFileType = wrapper.application; includeInIndex = 0; path = Flix.app; sourceTree = BUILT_PRODUCTS_DIR; };
		762CCC3A27C740B9009058ED /* AppDelegate.swift */ = {isa = PBXFileReference; lastKnownFileType = sourcecode.swift; path = AppDelegate.swift; sourceTree = "<group>"; };
		762CCC3C27C740B9009058ED /* SceneDelegate.swift */ = {isa = PBXFileReference; lastKnownFileType = sourcecode.swift; path = SceneDelegate.swift; sourceTree = "<group>"; };
		762CCC3E27C740B9009058ED /* MoviesViewController.swift */ = {isa = PBXFileReference; lastKnownFileType = sourcecode.swift; path = MoviesViewController.swift; sourceTree = "<group>"; };
		762CCC4127C740B9009058ED /* Base */ = {isa = PBXFileReference; lastKnownFileType = file.storyboard; name = Base; path = Base.lproj/Main.storyboard; sourceTree = "<group>"; };
		762CCC4327C740BA009058ED /* Assets.xcassets */ = {isa = PBXFileReference; lastKnownFileType = folder.assetcatalog; path = Assets.xcassets; sourceTree = "<group>"; };
		762CCC4627C740BA009058ED /* Base */ = {isa = PBXFileReference; lastKnownFileType = file.storyboard; name = Base; path = Base.lproj/LaunchScreen.storyboard; sourceTree = "<group>"; };
		762CCC4827C740BA009058ED /* Info.plist */ = {isa = PBXFileReference; lastKnownFileType = text.plist.xml; path = Info.plist; sourceTree = "<group>"; };
		762CCC4D27C740BB009058ED /* FlixTests.xctest */ = {isa = PBXFileReference; explicitFileType = wrapper.cfbundle; includeInIndex = 0; path = FlixTests.xctest; sourceTree = BUILT_PRODUCTS_DIR; };
		762CCC5127C740BB009058ED /* FlixTests.swift */ = {isa = PBXFileReference; lastKnownFileType = sourcecode.swift; path = FlixTests.swift; sourceTree = "<group>"; };
		762CCC5727C740BB009058ED /* FlixUITests.xctest */ = {isa = PBXFileReference; explicitFileType = wrapper.cfbundle; includeInIndex = 0; path = FlixUITests.xctest; sourceTree = BUILT_PRODUCTS_DIR; };
		762CCC5B27C740BB009058ED /* FlixUITests.swift */ = {isa = PBXFileReference; lastKnownFileType = sourcecode.swift; path = FlixUITests.swift; sourceTree = "<group>"; };
		762CCC5D27C740BB009058ED /* FlixUITestsLaunchTests.swift */ = {isa = PBXFileReference; lastKnownFileType = sourcecode.swift; path = FlixUITestsLaunchTests.swift; sourceTree = "<group>"; };
		762CCC6B27C7503C009058ED /* MovieCell.swift */ = {isa = PBXFileReference; lastKnownFileType = sourcecode.swift; name = MovieCell.swift; path = Flix/MovieCell.swift; sourceTree = SOURCE_ROOT; };
		762CCC7027D30B2C009058ED /* MovieDetailsViewController.swift */ = {isa = PBXFileReference; lastKnownFileType = sourcecode.swift; path = MovieDetailsViewController.swift; sourceTree = "<group>"; };
		762CCC7227D31C66009058ED /* MovieGridViewController.swift */ = {isa = PBXFileReference; lastKnownFileType = sourcecode.swift; path = MovieGridViewController.swift; sourceTree = "<group>"; };
		762CCC7427D31FAF009058ED /* MovieGridCell.swift */ = {isa = PBXFileReference; lastKnownFileType = sourcecode.swift; path = MovieGridCell.swift; sourceTree = "<group>"; };
		762CCC7627D32A15009058ED /* superheroDetailsViewController.swift */ = {isa = PBXFileReference; lastKnownFileType = sourcecode.swift; path = superheroDetailsViewController.swift; sourceTree = "<group>"; };
		92637FEC6231CC1572BBC3A9 /* Pods-Flix-FlixUITests.debug.xcconfig */ = {isa = PBXFileReference; includeInIndex = 1; lastKnownFileType = text.xcconfig; name = "Pods-Flix-FlixUITests.debug.xcconfig"; path = "Target Support Files/Pods-Flix-FlixUITests/Pods-Flix-FlixUITests.debug.xcconfig"; sourceTree = "<group>"; };
		BC9AC42E7E08AD99E7E38A9F /* Pods-Flix.release.xcconfig */ = {isa = PBXFileReference; includeInIndex = 1; lastKnownFileType = text.xcconfig; name = "Pods-Flix.release.xcconfig"; path = "Target Support Files/Pods-Flix/Pods-Flix.release.xcconfig"; sourceTree = "<group>"; };
		D24CB2330AC98361C7D63B3F /* Pods_Flix.framework */ = {isa = PBXFileReference; explicitFileType = wrapper.framework; includeInIndex = 0; path = Pods_Flix.framework; sourceTree = BUILT_PRODUCTS_DIR; };
		E22E430A1BDD6B449E3754F4 /* Pods-FlixTests.debug.xcconfig */ = {isa = PBXFileReference; includeInIndex = 1; lastKnownFileType = text.xcconfig; name = "Pods-FlixTests.debug.xcconfig"; path = "Target Support Files/Pods-FlixTests/Pods-FlixTests.debug.xcconfig"; sourceTree = "<group>"; };
		F045C1DCE288D3159378807A /* Pods-FlixTests.release.xcconfig */ = {isa = PBXFileReference; includeInIndex = 1; lastKnownFileType = text.xcconfig; name = "Pods-FlixTests.release.xcconfig"; path = "Target Support Files/Pods-FlixTests/Pods-FlixTests.release.xcconfig"; sourceTree = "<group>"; };
/* End PBXFileReference section */

/* Begin PBXFrameworksBuildPhase section */
		762CCC3427C740B9009058ED /* Frameworks */ = {
			isa = PBXFrameworksBuildPhase;
			buildActionMask = 2147483647;
			files = (
				762CCC6F27C75691009058ED /* AlamofireImage in Frameworks */,
				85A6B7F817AD99E10153272D /* Pods_Flix.framework in Frameworks */,
			);
			runOnlyForDeploymentPostprocessing = 0;
		};
		762CCC4A27C740BB009058ED /* Frameworks */ = {
			isa = PBXFrameworksBuildPhase;
			buildActionMask = 2147483647;
			files = (
				A7918DEA8D5D6403832CB838 /* Pods_FlixTests.framework in Frameworks */,
			);
			runOnlyForDeploymentPostprocessing = 0;
		};
		762CCC5427C740BB009058ED /* Frameworks */ = {
			isa = PBXFrameworksBuildPhase;
			buildActionMask = 2147483647;
			files = (
				F7FC560C044C549B4D313BF5 /* Pods_Flix_FlixUITests.framework in Frameworks */,
			);
			runOnlyForDeploymentPostprocessing = 0;
		};
/* End PBXFrameworksBuildPhase section */

/* Begin PBXGroup section */
		0AE7052C58B6D63D50A04A62 /* Frameworks */ = {
			isa = PBXGroup;
			children = (
				D24CB2330AC98361C7D63B3F /* Pods_Flix.framework */,
				445B696F3ECA9198C9F197C1 /* Pods_Flix_FlixUITests.framework */,
				6F73C1EB25D206C92E801094 /* Pods_FlixTests.framework */,
			);
			name = Frameworks;
			sourceTree = "<group>";
		};
		683D4374802B0D87CD98F0FF /* Pods */ = {
			isa = PBXGroup;
			children = (
				39453551F5FFB50DD7B56A3B /* Pods-Flix.debug.xcconfig */,
				BC9AC42E7E08AD99E7E38A9F /* Pods-Flix.release.xcconfig */,
				92637FEC6231CC1572BBC3A9 /* Pods-Flix-FlixUITests.debug.xcconfig */,
				09C27B69D195222183FFF13B /* Pods-Flix-FlixUITests.release.xcconfig */,
				E22E430A1BDD6B449E3754F4 /* Pods-FlixTests.debug.xcconfig */,
				F045C1DCE288D3159378807A /* Pods-FlixTests.release.xcconfig */,
			);
			path = Pods;
			sourceTree = "<group>";
		};
		762CCC2E27C740B9009058ED = {
			isa = PBXGroup;
			children = (
				762CCC3927C740B9009058ED /* Flix */,
				762CCC5027C740BB009058ED /* FlixTests */,
				762CCC5A27C740BB009058ED /* FlixUITests */,
				762CCC3827C740B9009058ED /* Products */,
				683D4374802B0D87CD98F0FF /* Pods */,
				0AE7052C58B6D63D50A04A62 /* Frameworks */,
			);
			sourceTree = "<group>";
		};
		762CCC3827C740B9009058ED /* Products */ = {
			isa = PBXGroup;
			children = (
				762CCC3727C740B9009058ED /* Flix.app */,
				762CCC4D27C740BB009058ED /* FlixTests.xctest */,
				762CCC5727C740BB009058ED /* FlixUITests.xctest */,
			);
			name = Products;
			sourceTree = "<group>";
		};
		762CCC3927C740B9009058ED /* Flix */ = {
			isa = PBXGroup;
			children = (
				762CCC3A27C740B9009058ED /* AppDelegate.swift */,
				762CCC3C27C740B9009058ED /* SceneDelegate.swift */,
				762CCC3E27C740B9009058ED /* MoviesViewController.swift */,
				762CCC4027C740B9009058ED /* Main.storyboard */,
				762CCC4327C740BA009058ED /* Assets.xcassets */,
				762CCC4527C740BA009058ED /* LaunchScreen.storyboard */,
				762CCC4827C740BA009058ED /* Info.plist */,
				762CCC6B27C7503C009058ED /* MovieCell.swift */,
				762CCC7027D30B2C009058ED /* MovieDetailsViewController.swift */,
				762CCC7227D31C66009058ED /* MovieGridViewController.swift */,
				762CCC7427D31FAF009058ED /* MovieGridCell.swift */,
				762CCC7627D32A15009058ED /* superheroDetailsViewController.swift */,
			);
			path = Flix;
			sourceTree = "<group>";
		};
		762CCC5027C740BB009058ED /* FlixTests */ = {
			isa = PBXGroup;
			children = (
				762CCC5127C740BB009058ED /* FlixTests.swift */,
			);
			path = FlixTests;
			sourceTree = "<group>";
		};
		762CCC5A27C740BB009058ED /* FlixUITests */ = {
			isa = PBXGroup;
			children = (
				762CCC5B27C740BB009058ED /* FlixUITests.swift */,
				762CCC5D27C740BB009058ED /* FlixUITestsLaunchTests.swift */,
			);
			path = FlixUITests;
			sourceTree = "<group>";
		};
/* End PBXGroup section */

/* Begin PBXNativeTarget section */
		762CCC3627C740B9009058ED /* Flix */ = {
			isa = PBXNativeTarget;
			buildConfigurationList = 762CCC6127C740BB009058ED /* Build configuration list for PBXNativeTarget "Flix" */;
			buildPhases = (
				9D28BA5E831A51EC580EFB01 /* [CP] Check Pods Manifest.lock */,
				762CCC3327C740B9009058ED /* Sources */,
				762CCC3427C740B9009058ED /* Frameworks */,
				762CCC3527C740B9009058ED /* Resources */,
				021440BB112A1E83BA84BE2E /* [CP] Embed Pods Frameworks */,
			);
			buildRules = (
			);
			dependencies = (
			);
			name = Flix;
			packageProductDependencies = (
				762CCC6E27C75691009058ED /* AlamofireImage */,
			);
			productName = Flix;
			productReference = 762CCC3727C740B9009058ED /* Flix.app */;
			productType = "com.apple.product-type.application";
		};
		762CCC4C27C740BB009058ED /* FlixTests */ = {
			isa = PBXNativeTarget;
			buildConfigurationList = 762CCC6427C740BB009058ED /* Build configuration list for PBXNativeTarget "FlixTests" */;
			buildPhases = (
				904A1200545DD356F8CD9C50 /* [CP] Check Pods Manifest.lock */,
				762CCC4927C740BB009058ED /* Sources */,
				762CCC4A27C740BB009058ED /* Frameworks */,
				762CCC4B27C740BB009058ED /* Resources */,
			);
			buildRules = (
			);
			dependencies = (
				762CCC4F27C740BB009058ED /* PBXTargetDependency */,
			);
			name = FlixTests;
			productName = FlixTests;
			productReference = 762CCC4D27C740BB009058ED /* FlixTests.xctest */;
			productType = "com.apple.product-type.bundle.unit-test";
		};
		762CCC5627C740BB009058ED /* FlixUITests */ = {
			isa = PBXNativeTarget;
			buildConfigurationList = 762CCC6727C740BB009058ED /* Build configuration list for PBXNativeTarget "FlixUITests" */;
			buildPhases = (
				2E6CCEC9E4EAB617A2427581 /* [CP] Check Pods Manifest.lock */,
				762CCC5327C740BB009058ED /* Sources */,
				762CCC5427C740BB009058ED /* Frameworks */,
				762CCC5527C740BB009058ED /* Resources */,
				63054AE28A545E39910AECED /* [CP] Embed Pods Frameworks */,
			);
			buildRules = (
			);
			dependencies = (
				762CCC5927C740BB009058ED /* PBXTargetDependency */,
			);
			name = FlixUITests;
			productName = FlixUITests;
			productReference = 762CCC5727C740BB009058ED /* FlixUITests.xctest */;
			productType = "com.apple.product-type.bundle.ui-testing";
		};
/* End PBXNativeTarget section */

/* Begin PBXProject section */
		762CCC2F27C740B9009058ED /* Project object */ = {
			isa = PBXProject;
			attributes = {
				BuildIndependentTargetsInParallel = 1;
				LastSwiftUpdateCheck = 1320;
				LastUpgradeCheck = 1320;
				TargetAttributes = {
					762CCC3627C740B9009058ED = {
						CreatedOnToolsVersion = 13.2.1;
					};
					762CCC4C27C740BB009058ED = {
						CreatedOnToolsVersion = 13.2.1;
						TestTargetID = 762CCC3627C740B9009058ED;
					};
					762CCC5627C740BB009058ED = {
						CreatedOnToolsVersion = 13.2.1;
						TestTargetID = 762CCC3627C740B9009058ED;
					};
				};
			};
			buildConfigurationList = 762CCC3227C740B9009058ED /* Build configuration list for PBXProject "Flix" */;
			compatibilityVersion = "Xcode 13.0";
			developmentRegion = en;
			hasScannedForEncodings = 0;
			knownRegions = (
				en,
				Base,
			);
			mainGroup = 762CCC2E27C740B9009058ED;
			packageReferences = (
				762CCC6D27C75691009058ED /* XCRemoteSwiftPackageReference "AlamofireImage" */,
			);
			productRefGroup = 762CCC3827C740B9009058ED /* Products */;
			projectDirPath = "";
			projectRoot = "";
			targets = (
				762CCC3627C740B9009058ED /* Flix */,
				762CCC4C27C740BB009058ED /* FlixTests */,
				762CCC5627C740BB009058ED /* FlixUITests */,
			);
		};
/* End PBXProject section */

/* Begin PBXResourcesBuildPhase section */
		762CCC3527C740B9009058ED /* Resources */ = {
			isa = PBXResourcesBuildPhase;
			buildActionMask = 2147483647;
			files = (
				762CCC4727C740BA009058ED /* LaunchScreen.storyboard in Resources */,
				762CCC4427C740BA009058ED /* Assets.xcassets in Resources */,
				762CCC4227C740B9009058ED /* Main.storyboard in Resources */,
			);
			runOnlyForDeploymentPostprocessing = 0;
		};
		762CCC4B27C740BB009058ED /* Resources */ = {
			isa = PBXResourcesBuildPhase;
			buildActionMask = 2147483647;
			files = (
			);
			runOnlyForDeploymentPostprocessing = 0;
		};
		762CCC5527C740BB009058ED /* Resources */ = {
			isa = PBXResourcesBuildPhase;
			buildActionMask = 2147483647;
			files = (
			);
			runOnlyForDeploymentPostprocessing = 0;
		};
/* End PBXResourcesBuildPhase section */

/* Begin PBXShellScriptBuildPhase section */
		021440BB112A1E83BA84BE2E /* [CP] Embed Pods Frameworks */ = {
			isa = PBXShellScriptBuildPhase;
			buildActionMask = 2147483647;
			files = (
			);
			inputFileListPaths = (
				"${PODS_ROOT}/Target Support Files/Pods-Flix/Pods-Flix-frameworks-${CONFIGURATION}-input-files.xcfilelist",
			);
			name = "[CP] Embed Pods Frameworks";
			outputFileListPaths = (
				"${PODS_ROOT}/Target Support Files/Pods-Flix/Pods-Flix-frameworks-${CONFIGURATION}-output-files.xcfilelist",
			);
			runOnlyForDeploymentPostprocessing = 0;
			shellPath = /bin/sh;
			shellScript = "\"${PODS_ROOT}/Target Support Files/Pods-Flix/Pods-Flix-frameworks.sh\"\n";
			showEnvVarsInLog = 0;
		};
		2E6CCEC9E4EAB617A2427581 /* [CP] Check Pods Manifest.lock */ = {
			isa = PBXShellScriptBuildPhase;
			buildActionMask = 2147483647;
			files = (
			);
			inputFileListPaths = (
			);
			inputPaths = (
				"${PODS_PODFILE_DIR_PATH}/Podfile.lock",
				"${PODS_ROOT}/Manifest.lock",
			);
			name = "[CP] Check Pods Manifest.lock";
			outputFileListPaths = (
			);
			outputPaths = (
				"$(DERIVED_FILE_DIR)/Pods-Flix-FlixUITests-checkManifestLockResult.txt",
			);
			runOnlyForDeploymentPostprocessing = 0;
			shellPath = /bin/sh;
			shellScript = "diff \"${PODS_PODFILE_DIR_PATH}/Podfile.lock\" \"${PODS_ROOT}/Manifest.lock\" > /dev/null\nif [ $? != 0 ] ; then\n    # print error to STDERR\n    echo \"error: The sandbox is not in sync with the Podfile.lock. Run 'pod install' or update your CocoaPods installation.\" >&2\n    exit 1\nfi\n# This output is used by Xcode 'outputs' to avoid re-running this script phase.\necho \"SUCCESS\" > \"${SCRIPT_OUTPUT_FILE_0}\"\n";
			showEnvVarsInLog = 0;
		};
		63054AE28A545E39910AECED /* [CP] Embed Pods Frameworks */ = {
			isa = PBXShellScriptBuildPhase;
			buildActionMask = 2147483647;
			files = (
			);
			inputFileListPaths = (
				"${PODS_ROOT}/Target Support Files/Pods-Flix-FlixUITests/Pods-Flix-FlixUITests-frameworks-${CONFIGURATION}-input-files.xcfilelist",
			);
			name = "[CP] Embed Pods Frameworks";
			outputFileListPaths = (
				"${PODS_ROOT}/Target Support Files/Pods-Flix-FlixUITests/Pods-Flix-FlixUITests-frameworks-${CONFIGURATION}-output-files.xcfilelist",
			);
			runOnlyForDeploymentPostprocessing = 0;
			shellPath = /bin/sh;
			shellScript = "\"${PODS_ROOT}/Target Support Files/Pods-Flix-FlixUITests/Pods-Flix-FlixUITests-frameworks.sh\"\n";
			showEnvVarsInLog = 0;
		};
		904A1200545DD356F8CD9C50 /* [CP] Check Pods Manifest.lock */ = {
			isa = PBXShellScriptBuildPhase;
			buildActionMask = 2147483647;
			files = (
			);
			inputFileListPaths = (
			);
			inputPaths = (
				"${PODS_PODFILE_DIR_PATH}/Podfile.lock",
				"${PODS_ROOT}/Manifest.lock",
			);
			name = "[CP] Check Pods Manifest.lock";
			outputFileListPaths = (
			);
			outputPaths = (
				"$(DERIVED_FILE_DIR)/Pods-FlixTests-checkManifestLockResult.txt",
			);
			runOnlyForDeploymentPostprocessing = 0;
			shellPath = /bin/sh;
			shellScript = "diff \"${PODS_PODFILE_DIR_PATH}/Podfile.lock\" \"${PODS_ROOT}/Manifest.lock\" > /dev/null\nif [ $? != 0 ] ; then\n    # print error to STDERR\n    echo \"error: The sandbox is not in sync with the Podfile.lock. Run 'pod install' or update your CocoaPods installation.\" >&2\n    exit 1\nfi\n# This output is used by Xcode 'outputs' to avoid re-running this script phase.\necho \"SUCCESS\" > \"${SCRIPT_OUTPUT_FILE_0}\"\n";
			showEnvVarsInLog = 0;
		};
		9D28BA5E831A51EC580EFB01 /* [CP] Check Pods Manifest.lock */ = {
			isa = PBXShellScriptBuildPhase;
			buildActionMask = 2147483647;
			files = (
			);
			inputFileListPaths = (
			);
			inputPaths = (
				"${PODS_PODFILE_DIR_PATH}/Podfile.lock",
				"${PODS_ROOT}/Manifest.lock",
			);
			name = "[CP] Check Pods Manifest.lock";
			outputFileListPaths = (
			);
			outputPaths = (
				"$(DERIVED_FILE_DIR)/Pods-Flix-checkManifestLockResult.txt",
			);
			runOnlyForDeploymentPostprocessing = 0;
			shellPath = /bin/sh;
			shellScript = "diff \"${PODS_PODFILE_DIR_PATH}/Podfile.lock\" \"${PODS_ROOT}/Manifest.lock\" > /dev/null\nif [ $? != 0 ] ; then\n    # print error to STDERR\n    echo \"error: The sandbox is not in sync with the Podfile.lock. Run 'pod install' or update your CocoaPods installation.\" >&2\n    exit 1\nfi\n# This output is used by Xcode 'outputs' to avoid re-running this script phase.\necho \"SUCCESS\" > \"${SCRIPT_OUTPUT_FILE_0}\"\n";
			showEnvVarsInLog = 0;
		};
/* End PBXShellScriptBuildPhase section */

/* Begin PBXSourcesBuildPhase section */
		762CCC3327C740B9009058ED /* Sources */ = {
			isa = PBXSourcesBuildPhase;
			buildActionMask = 2147483647;
			files = (
				762CCC3F27C740B9009058ED /* MoviesViewController.swift in Sources */,
				762CCC7727D32A15009058ED /* superheroDetailsViewController.swift in Sources */,
				762CCC7127D30B2C009058ED /* MovieDetailsViewController.swift in Sources */,
				762CCC3B27C740B9009058ED /* AppDelegate.swift in Sources */,
				762CCC6C27C7503C009058ED /* MovieCell.swift in Sources */,
				762CCC3D27C740B9009058ED /* SceneDelegate.swift in Sources */,
				762CCC7327D31C66009058ED /* MovieGridViewController.swift in Sources */,
				762CCC7527D31FAF009058ED /* MovieGridCell.swift in Sources */,
			);
			runOnlyForDeploymentPostprocessing = 0;
		};
		762CCC4927C740BB009058ED /* Sources */ = {
			isa = PBXSourcesBuildPhase;
			buildActionMask = 2147483647;
			files = (
				762CCC5227C740BB009058ED /* FlixTests.swift in Sources */,
			);
			runOnlyForDeploymentPostprocessing = 0;
		};
		762CCC5327C740BB009058ED /* Sources */ = {
			isa = PBXSourcesBuildPhase;
			buildActionMask = 2147483647;
			files = (
				762CCC5C27C740BB009058ED /* FlixUITests.swift in Sources */,
				762CCC5E27C740BB009058ED /* FlixUITestsLaunchTests.swift in Sources */,
			);
			runOnlyForDeploymentPostprocessing = 0;
		};
/* End PBXSourcesBuildPhase section */

/* Begin PBXTargetDependency section */
		762CCC4F27C740BB009058ED /* PBXTargetDependency */ = {
			isa = PBXTargetDependency;
			target = 762CCC3627C740B9009058ED /* Flix */;
			targetProxy = 762CCC4E27C740BB009058ED /* PBXContainerItemProxy */;
		};
		762CCC5927C740BB009058ED /* PBXTargetDependency */ = {
			isa = PBXTargetDependency;
			target = 762CCC3627C740B9009058ED /* Flix */;
			targetProxy = 762CCC5827C740BB009058ED /* PBXContainerItemProxy */;
		};
/* End PBXTargetDependency section */

/* Begin PBXVariantGroup section */
		762CCC4027C740B9009058ED /* Main.storyboard */ = {
			isa = PBXVariantGroup;
			children = (
				762CCC4127C740B9009058ED /* Base */,
			);
			name = Main.storyboard;
			sourceTree = "<group>";
		};
		762CCC4527C740BA009058ED /* LaunchScreen.storyboard */ = {
			isa = PBXVariantGroup;
			children = (
				762CCC4627C740BA009058ED /* Base */,
			);
			name = LaunchScreen.storyboard;
			sourceTree = "<group>";
		};
/* End PBXVariantGroup section */

/* Begin XCBuildConfiguration section */
		762CCC5F27C740BB009058ED /* Debug */ = {
			isa = XCBuildConfiguration;
			buildSettings = {
				ALWAYS_SEARCH_USER_PATHS = NO;
				CLANG_ANALYZER_NONNULL = YES;
				CLANG_ANALYZER_NUMBER_OBJECT_CONVERSION = YES_AGGRESSIVE;
				CLANG_CXX_LANGUAGE_STANDARD = "gnu++17";
				CLANG_CXX_LIBRARY = "libc++";
				CLANG_ENABLE_MODULES = YES;
				CLANG_ENABLE_OBJC_ARC = YES;
				CLANG_ENABLE_OBJC_WEAK = YES;
				CLANG_WARN_BLOCK_CAPTURE_AUTORELEASING = YES;
				CLANG_WARN_BOOL_CONVERSION = YES;
				CLANG_WARN_COMMA = YES;
				CLANG_WARN_CONSTANT_CONVERSION = YES;
				CLANG_WARN_DEPRECATED_OBJC_IMPLEMENTATIONS = YES;
				CLANG_WARN_DIRECT_OBJC_ISA_USAGE = YES_ERROR;
				CLANG_WARN_DOCUMENTATION_COMMENTS = YES;
				CLANG_WARN_EMPTY_BODY = YES;
				CLANG_WARN_ENUM_CONVERSION = YES;
				CLANG_WARN_INFINITE_RECURSION = YES;
				CLANG_WARN_INT_CONVERSION = YES;
				CLANG_WARN_NON_LITERAL_NULL_CONVERSION = YES;
				CLANG_WARN_OBJC_IMPLICIT_RETAIN_SELF = YES;
				CLANG_WARN_OBJC_LITERAL_CONVERSION = YES;
				CLANG_WARN_OBJC_ROOT_CLASS = YES_ERROR;
				CLANG_WARN_QUOTED_INCLUDE_IN_FRAMEWORK_HEADER = YES;
				CLANG_WARN_RANGE_LOOP_ANALYSIS = YES;
				CLANG_WARN_STRICT_PROTOTYPES = YES;
				CLANG_WARN_SUSPICIOUS_MOVE = YES;
				CLANG_WARN_UNGUARDED_AVAILABILITY = YES_AGGRESSIVE;
				CLANG_WARN_UNREACHABLE_CODE = YES;
				CLANG_WARN__DUPLICATE_METHOD_MATCH = YES;
				COPY_PHASE_STRIP = NO;
				DEBUG_INFORMATION_FORMAT = dwarf;
				ENABLE_STRICT_OBJC_MSGSEND = YES;
				ENABLE_TESTABILITY = YES;
				GCC_C_LANGUAGE_STANDARD = gnu11;
				GCC_DYNAMIC_NO_PIC = NO;
				GCC_NO_COMMON_BLOCKS = YES;
				GCC_OPTIMIZATION_LEVEL = 0;
				GCC_PREPROCESSOR_DEFINITIONS = (
					"DEBUG=1",
					"$(inherited)",
				);
				GCC_WARN_64_TO_32_BIT_CONVERSION = YES;
				GCC_WARN_ABOUT_RETURN_TYPE = YES_ERROR;
				GCC_WARN_UNDECLARED_SELECTOR = YES;
				GCC_WARN_UNINITIALIZED_AUTOS = YES_AGGRESSIVE;
				GCC_WARN_UNUSED_FUNCTION = YES;
				GCC_WARN_UNUSED_VARIABLE = YES;
				IPHONEOS_DEPLOYMENT_TARGET = 15.2;
				MTL_ENABLE_DEBUG_INFO = INCLUDE_SOURCE;
				MTL_FAST_MATH = YES;
				ONLY_ACTIVE_ARCH = YES;
				SDKROOT = iphoneos;
				SWIFT_ACTIVE_COMPILATION_CONDITIONS = DEBUG;
				SWIFT_OPTIMIZATION_LEVEL = "-Onone";
			};
			name = Debug;
		};
		762CCC6027C740BB009058ED /* Release */ = {
			isa = XCBuildConfiguration;
			buildSettings = {
				ALWAYS_SEARCH_USER_PATHS = NO;
				CLANG_ANALYZER_NONNULL = YES;
				CLANG_ANALYZER_NUMBER_OBJECT_CONVERSION = YES_AGGRESSIVE;
				CLANG_CXX_LANGUAGE_STANDARD = "gnu++17";
				CLANG_CXX_LIBRARY = "libc++";
				CLANG_ENABLE_MODULES = YES;
				CLANG_ENABLE_OBJC_ARC = YES;
				CLANG_ENABLE_OBJC_WEAK = YES;
				CLANG_WARN_BLOCK_CAPTURE_AUTORELEASING = YES;
				CLANG_WARN_BOOL_CONVERSION = YES;
				CLANG_WARN_COMMA = YES;
				CLANG_WARN_CONSTANT_CONVERSION = YES;
				CLANG_WARN_DEPRECATED_OBJC_IMPLEMENTATIONS = YES;
				CLANG_WARN_DIRECT_OBJC_ISA_USAGE = YES_ERROR;
				CLANG_WARN_DOCUMENTATION_COMMENTS = YES;
				CLANG_WARN_EMPTY_BODY = YES;
				CLANG_WARN_ENUM_CONVERSION = YES;
				CLANG_WARN_INFINITE_RECURSION = YES;
				CLANG_WARN_INT_CONVERSION = YES;
				CLANG_WARN_NON_LITERAL_NULL_CONVERSION = YES;
				CLANG_WARN_OBJC_IMPLICIT_RETAIN_SELF = YES;
				CLANG_WARN_OBJC_LITERAL_CONVERSION = YES;
				CLANG_WARN_OBJC_ROOT_CLASS = YES_ERROR;
				CLANG_WARN_QUOTED_INCLUDE_IN_FRAMEWORK_HEADER = YES;
				CLANG_WARN_RANGE_LOOP_ANALYSIS = YES;
				CLANG_WARN_STRICT_PROTOTYPES = YES;
				CLANG_WARN_SUSPICIOUS_MOVE = YES;
				CLANG_WARN_UNGUARDED_AVAILABILITY = YES_AGGRESSIVE;
				CLANG_WARN_UNREACHABLE_CODE = YES;
				CLANG_WARN__DUPLICATE_METHOD_MATCH = YES;
				COPY_PHASE_STRIP = NO;
				DEBUG_INFORMATION_FORMAT = "dwarf-with-dsym";
				ENABLE_NS_ASSERTIONS = NO;
				ENABLE_STRICT_OBJC_MSGSEND = YES;
				GCC_C_LANGUAGE_STANDARD = gnu11;
				GCC_NO_COMMON_BLOCKS = YES;
				GCC_WARN_64_TO_32_BIT_CONVERSION = YES;
				GCC_WARN_ABOUT_RETURN_TYPE = YES_ERROR;
				GCC_WARN_UNDECLARED_SELECTOR = YES;
				GCC_WARN_UNINITIALIZED_AUTOS = YES_AGGRESSIVE;
				GCC_WARN_UNUSED_FUNCTION = YES;
				GCC_WARN_UNUSED_VARIABLE = YES;
				IPHONEOS_DEPLOYMENT_TARGET = 15.2;
				MTL_ENABLE_DEBUG_INFO = NO;
				MTL_FAST_MATH = YES;
				SDKROOT = iphoneos;
				SWIFT_COMPILATION_MODE = wholemodule;
				SWIFT_OPTIMIZATION_LEVEL = "-O";
				VALIDATE_PRODUCT = YES;
			};
			name = Release;
		};
		762CCC6227C740BB009058ED /* Debug */ = {
			isa = XCBuildConfiguration;
			baseConfigurationReference = 39453551F5FFB50DD7B56A3B /* Pods-Flix.debug.xcconfig */;
			buildSettings = {
				ASSETCATALOG_COMPILER_APPICON_NAME = AppIcon;
				ASSETCATALOG_COMPILER_GLOBAL_ACCENT_COLOR_NAME = AccentColor;
				CODE_SIGN_STYLE = Automatic;
				CURRENT_PROJECT_VERSION = 1;
				DEVELOPMENT_TEAM = 78N5SA532X;
				GENERATE_INFOPLIST_FILE = YES;
				INFOPLIST_FILE = Flix/Info.plist;
				INFOPLIST_KEY_UIApplicationSupportsIndirectInputEvents = YES;
				INFOPLIST_KEY_UILaunchStoryboardName = LaunchScreen;
				INFOPLIST_KEY_UIMainStoryboardFile = Main;
				INFOPLIST_KEY_UISupportedInterfaceOrientations_iPad = "UIInterfaceOrientationPortrait UIInterfaceOrientationPortraitUpsideDown UIInterfaceOrientationLandscapeLeft UIInterfaceOrientationLandscapeRight";
				INFOPLIST_KEY_UISupportedInterfaceOrientations_iPhone = "UIInterfaceOrientationPortrait UIInterfaceOrientationLandscapeLeft UIInterfaceOrientationLandscapeRight";
				LD_RUNPATH_SEARCH_PATHS = (
					"$(inherited)",
					"@executable_path/Frameworks",
				);
				MARKETING_VERSION = 1.0;
				PRODUCT_BUNDLE_IDENTIFIER = com.peizu.Flix;
				PRODUCT_NAME = "$(TARGET_NAME)";
				SWIFT_EMIT_LOC_STRINGS = YES;
				SWIFT_VERSION = 5.0;
				TARGETED_DEVICE_FAMILY = "1,2";
			};
			name = Debug;
		};
		762CCC6327C740BB009058ED /* Release */ = {
			isa = XCBuildConfiguration;
			baseConfigurationReference = BC9AC42E7E08AD99E7E38A9F /* Pods-Flix.release.xcconfig */;
			buildSettings = {
				ASSETCATALOG_COMPILER_APPICON_NAME = AppIcon;
				ASSETCATALOG_COMPILER_GLOBAL_ACCENT_COLOR_NAME = AccentColor;
				CODE_SIGN_STYLE = Automatic;
				CURRENT_PROJECT_VERSION = 1;
				DEVELOPMENT_TEAM = 78N5SA532X;
				GENERATE_INFOPLIST_FILE = YES;
				INFOPLIST_FILE = Flix/Info.plist;
				INFOPLIST_KEY_UIApplicationSupportsIndirectInputEvents = YES;
				INFOPLIST_KEY_UILaunchStoryboardName = LaunchScreen;
				INFOPLIST_KEY_UIMainStoryboardFile = Main;
				INFOPLIST_KEY_UISupportedInterfaceOrientations_iPad = "UIInterfaceOrientationPortrait UIInterfaceOrientationPortraitUpsideDown UIInterfaceOrientationLandscapeLeft UIInterfaceOrientationLandscapeRight";
				INFOPLIST_KEY_UISupportedInterfaceOrientations_iPhone = "UIInterfaceOrientationPortrait UIInterfaceOrientationLandscapeLeft UIInterfaceOrientationLandscapeRight";
				LD_RUNPATH_SEARCH_PATHS = (
					"$(inherited)",
					"@executable_path/Frameworks",
				);
				MARKETING_VERSION = 1.0;
				PRODUCT_BUNDLE_IDENTIFIER = com.peizu.Flix;
				PRODUCT_NAME = "$(TARGET_NAME)";
				SWIFT_EMIT_LOC_STRINGS = YES;
				SWIFT_VERSION = 5.0;
				TARGETED_DEVICE_FAMILY = "1,2";
			};
			name = Release;
		};
		762CCC6527C740BB009058ED /* Debug */ = {
			isa = XCBuildConfiguration;
			baseConfigurationReference = E22E430A1BDD6B449E3754F4 /* Pods-FlixTests.debug.xcconfig */;
			buildSettings = {
				ALWAYS_EMBED_SWIFT_STANDARD_LIBRARIES = YES;
				BUNDLE_LOADER = "$(TEST_HOST)";
				CODE_SIGN_STYLE = Automatic;
				CURRENT_PROJECT_VERSION = 1;
				DEVELOPMENT_TEAM = 78N5SA532X;
				GENERATE_INFOPLIST_FILE = YES;
				IPHONEOS_DEPLOYMENT_TARGET = 15.2;
				MARKETING_VERSION = 1.0;
				PRODUCT_BUNDLE_IDENTIFIER = com.peizu.FlixTests;
				PRODUCT_NAME = "$(TARGET_NAME)";
				SWIFT_EMIT_LOC_STRINGS = NO;
				SWIFT_VERSION = 5.0;
				TARGETED_DEVICE_FAMILY = "1,2";
				TEST_HOST = "$(BUILT_PRODUCTS_DIR)/Flix.app/Flix";
			};
			name = Debug;
		};
		762CCC6627C740BB009058ED /* Release */ = {
			isa = XCBuildConfiguration;
			baseConfigurationReference = F045C1DCE288D3159378807A /* Pods-FlixTests.release.xcconfig */;
			buildSettings = {
				ALWAYS_EMBED_SWIFT_STANDARD_LIBRARIES = YES;
				BUNDLE_LOADER = "$(TEST_HOST)";
				CODE_SIGN_STYLE = Automatic;
				CURRENT_PROJECT_VERSION = 1;
				DEVELOPMENT_TEAM = 78N5SA532X;
				GENERATE_INFOPLIST_FILE = YES;
				IPHONEOS_DEPLOYMENT_TARGET = 15.2;
				MARKETING_VERSION = 1.0;
				PRODUCT_BUNDLE_IDENTIFIER = com.peizu.FlixTests;
				PRODUCT_NAME = "$(TARGET_NAME)";
				SWIFT_EMIT_LOC_STRINGS = NO;
				SWIFT_VERSION = 5.0;
				TARGETED_DEVICE_FAMILY = "1,2";
				TEST_HOST = "$(BUILT_PRODUCTS_DIR)/Flix.app/Flix";
			};
			name = Release;
		};
		762CCC6827C740BB009058ED /* Debug */ = {
			isa = XCBuildConfiguration;
			baseConfigurationReference = 92637FEC6231CC1572BBC3A9 /* Pods-Flix-FlixUITests.debug.xcconfig */;
			buildSettings = {
				ALWAYS_EMBED_SWIFT_STANDARD_LIBRARIES = YES;
				CODE_SIGN_STYLE = Automatic;
				CURRENT_PROJECT_VERSION = 1;
				DEVELOPMENT_TEAM = 78N5SA532X;
				GENERATE_INFOPLIST_FILE = YES;
				MARKETING_VERSION = 1.0;
				PRODUCT_BUNDLE_IDENTIFIER = com.peizu.FlixUITests;
				PRODUCT_NAME = "$(TARGET_NAME)";
				SWIFT_EMIT_LOC_STRINGS = NO;
				SWIFT_VERSION = 5.0;
				TARGETED_DEVICE_FAMILY = "1,2";
				TEST_TARGET_NAME = Flix;
			};
			name = Debug;
		};
		762CCC6927C740BB009058ED /* Release */ = {
			isa = XCBuildConfiguration;
			baseConfigurationReference = 09C27B69D195222183FFF13B /* Pods-Flix-FlixUITests.release.xcconfig */;
			buildSettings = {
				ALWAYS_EMBED_SWIFT_STANDARD_LIBRARIES = YES;
				CODE_SIGN_STYLE = Automatic;
				CURRENT_PROJECT_VERSION = 1;
				DEVELOPMENT_TEAM = 78N5SA532X;
				GENERATE_INFOPLIST_FILE = YES;
				MARKETING_VERSION = 1.0;
				PRODUCT_BUNDLE_IDENTIFIER = com.peizu.FlixUITests;
				PRODUCT_NAME = "$(TARGET_NAME)";
				SWIFT_EMIT_LOC_STRINGS = NO;
				SWIFT_VERSION = 5.0;
				TARGETED_DEVICE_FAMILY = "1,2";
				TEST_TARGET_NAME = Flix;
			};
			name = Release;
		};
/* End XCBuildConfiguration section */

/* Begin XCConfigurationList section */
		762CCC3227C740B9009058ED /* Build configuration list for PBXProject "Flix" */ = {
			isa = XCConfigurationList;
			buildConfigurations = (
				762CCC5F27C740BB009058ED /* Debug */,
				762CCC6027C740BB009058ED /* Release */,
			);
			defaultConfigurationIsVisible = 0;
			defaultConfigurationName = Release;
		};
		762CCC6127C740BB009058ED /* Build configuration list for PBXNativeTarget "Flix" */ = {
			isa = XCConfigurationList;
			buildConfigurations = (
				762CCC6227C740BB009058ED /* Debug */,
				762CCC6327C740BB009058ED /* Release */,
			);
			defaultConfigurationIsVisible = 0;
			defaultConfigurationName = Release;
		};
		762CCC6427C740BB009058ED /* Build configuration list for PBXNativeTarget "FlixTests" */ = {
			isa = XCConfigurationList;
			buildConfigurations = (
				762CCC6527C740BB009058ED /* Debug */,
				762CCC6627C740BB009058ED /* Release */,
			);
			defaultConfigurationIsVisible = 0;
			defaultConfigurationName = Release;
		};
		762CCC6727C740BB009058ED /* Build configuration list for PBXNativeTarget "FlixUITests" */ = {
			isa = XCConfigurationList;
			buildConfigurations = (
				762CCC6827C740BB009058ED /* Debug */,
				762CCC6927C740BB009058ED /* Release */,
			);
			defaultConfigurationIsVisible = 0;
			defaultConfigurationName = Release;
		};
/* End XCConfigurationList section */

/* Begin XCRemoteSwiftPackageReference section */
		762CCC6D27C75691009058ED /* XCRemoteSwiftPackageReference "AlamofireImage" */ = {
			isa = XCRemoteSwiftPackageReference;
			repositoryURL = "https://github.com/Alamofire/AlamofireImage";
			requirement = {
				kind = upToNextMajorVersion;
				minimumVersion = 4.0.0;
			};
		};
/* End XCRemoteSwiftPackageReference section */

/* Begin XCSwiftPackageProductDependency section */
		762CCC6E27C75691009058ED /* AlamofireImage */ = {
			isa = XCSwiftPackageProductDependency;
			package = 762CCC6D27C75691009058ED /* XCRemoteSwiftPackageReference "AlamofireImage" */;
			productName = AlamofireImage;
		};
/* End XCSwiftPackageProductDependency section */
	};
	rootObject = 762CCC2F27C740B9009058ED /* Project object */;
}
